
Microsoft Visual Studio Solution File, Format Version 12.00
# Visual Studio 2013
VisualStudioVersion = 12.0.21005.1
MinimumVisualStudioVersion = 10.0.40219.1
Project("{FAE04EC0-301F-11D3-BF4B-00C04F79EFBC}") = "ImmortalSerials", "ImmortalSerials.csproj", "{C562AF75-97A4-4251-814B-9AF38F081AD7}"
EndProject
Project("{FAE04EC0-301F-11D3-BF4B-00C04F79EFBC}") = "KaiHelper", "..\KaiHelper\KaiHelper\KaiHelper.csproj", "{9F3BF4B3-6AA4-41B5-820E-4626FE088126}"
EndProject
Project("{FAE04EC0-301F-11D3-BF4B-00C04F79EFBC}") = "YasuoSharpV2", "..\..\..\..\Desktop\YasuoSharpV2\YasuoSharpV2.csproj", "{2471F7BF-1230-442A-8C2E-C2A1DD43371C}"
EndProject
Project("{FAE04EC0-301F-11D3-BF4B-00C04F79EFBC}") = "Yasuo the Unforgiven", "..\..\..\..\AppData\Roaming\LeagueSharp\Repositories\11CFB732\trunk\Yasuo\Yasuo\Yasuo the Unforgiven.csproj", "{F1EC353E-04ED-4277-A4F4-C7014782C035}"
EndProject
Project("{FAE04EC0-301F-11D3-BF4B-00C04F79EFBC}") = "Evade", "..\..\..\..\AppData\Roaming\LeagueSharp\Repositories\1BA0420E\trunk\Evade\Evade.csproj", "{DB77A04C-5163-445D-929C-2905C1A5E9E3}"
EndProject
Project("{FAE04EC0-301F-11D3-BF4B-00C04F79EFBC}") = "Oracle (Activator)", "..\..\..\..\AppData\Roaming\LeagueSharp\Repositories\B029831F\trunk\Oracle (Activator)\Oracle (Activator).csproj", "{26F7260F-B714-4B99-995F-EA27775F14DB}"
EndProject
Project("{FAE04EC0-301F-11D3-BF4B-00C04F79EFBC}") = "LeagueSharp.Common", "..\..\..\..\..\..\Repositories\8A7DEFD1\trunk\LeagueSharp.Common.csproj", "{21D7E4EF-319E-4AD4-A59C-45AF22072DCA}"
EndProject
Project("{FAE04EC0-301F-11D3-BF4B-00C04F79EFBC}") = "PartContent", "..\PartContent\PartContent.csproj", "{44BD0021-F634-48C4-948D-037DD6FC6737}"
EndProject
Project("{FAE04EC0-301F-11D3-BF4B-00C04F79EFBC}") = "TruyenApp", "..\TruyenApp\TruyenApp.csproj", "{48F2819F-7C90-4095-A534-902335671A8F}"
EndProject
Project("{FAE04EC0-301F-11D3-BF4B-00C04F79EFBC}") = "AutoPot", "..\AutoPot\AutoPot.csproj", "{8163673C-B73B-49AD-99B4-345B2218DDF2}"
EndProject
Global
	GlobalSection(SolutionConfigurationPlatforms) = preSolution
		Debug|Any CPU = Debug|Any CPU
		Debug|ARM = Debug|ARM
		Debug|Mixed Platforms = Debug|Mixed Platforms
		Debug|x64 = Debug|x64
		Debug|x86 = Debug|x86
		Release|Any CPU = Release|Any CPU
		Release|ARM = Release|ARM
		Release|Mixed Platforms = Release|Mixed Platforms
		Release|x64 = Release|x64
		Release|x86 = Release|x86
	EndGlobalSection
	GlobalSection(ProjectConfigurationPlatforms) = postSolution
		{C562AF75-97A4-4251-814B-9AF38F081AD7}.Debug|Any CPU.ActiveCfg = Debug|x86
		{C562AF75-97A4-4251-814B-9AF38F081AD7}.Debug|ARM.ActiveCfg = Debug|x86
		{C562AF75-97A4-4251-814B-9AF38F081AD7}.Debug|Mixed Platforms.ActiveCfg = Debug|x86
		{C562AF75-97A4-4251-814B-9AF38F081AD7}.Debug|Mixed Platforms.Build.0 = Debug|x86
		{C562AF75-97A4-4251-814B-9AF38F081AD7}.Debug|x64.ActiveCfg = Debug|x86
		{C562AF75-97A4-4251-814B-9AF38F081AD7}.Debug|x86.ActiveCfg = Debug|x86
		{C562AF75-97A4-4251-814B-9AF38F081AD7}.Debug|x86.Build.0 = Debug|x86
		{C562AF75-97A4-4251-814B-9AF38F081AD7}.Release|Any CPU.ActiveCfg = Release|x86
		{C562AF75-97A4-4251-814B-9AF38F081AD7}.Release|ARM.ActiveCfg = Release|x86
		{C562AF75-97A4-4251-814B-9AF38F081AD7}.Release|Mixed Platforms.ActiveCfg = Release|x86
		{C562AF75-97A4-4251-814B-9AF38F081AD7}.Release|Mixed Platforms.Build.0 = Release|x86
		{C562AF75-97A4-4251-814B-9AF38F081AD7}.Release|x64.ActiveCfg = Release|x86
		{C562AF75-97A4-4251-814B-9AF38F081AD7}.Release|x86.ActiveCfg = Release|x86
		{C562AF75-97A4-4251-814B-9AF38F081AD7}.Release|x86.Build.0 = Release|x86
		{9F3BF4B3-6AA4-41B5-820E-4626FE088126}.Debug|Any CPU.ActiveCfg = Debug|x86
		{9F3BF4B3-6AA4-41B5-820E-4626FE088126}.Debug|ARM.ActiveCfg = Debug|x86
		{9F3BF4B3-6AA4-41B5-820E-4626FE088126}.Debug|Mixed Platforms.ActiveCfg = Debug|x86
		{9F3BF4B3-6AA4-41B5-820E-4626FE088126}.Debug|Mixed Platforms.Build.0 = Debug|x86
		{9F3BF4B3-6AA4-41B5-820E-4626FE088126}.Debug|x64.ActiveCfg = Debug|x86
		{9F3BF4B3-6AA4-41B5-820E-4626FE088126}.Debug|x86.ActiveCfg = Debug|x86
		{9F3BF4B3-6AA4-41B5-820E-4626FE088126}.Debug|x86.Build.0 = Debug|x86
		{9F3BF4B3-6AA4-41B5-820E-4626FE088126}.Release|Any CPU.ActiveCfg = Release|x86
		{9F3BF4B3-6AA4-41B5-820E-4626FE088126}.Release|ARM.ActiveCfg = Release|x86
		{9F3BF4B3-6AA4-41B5-820E-4626FE088126}.Release|Mixed Platforms.ActiveCfg = Release|x86
		{9F3BF4B3-6AA4-41B5-820E-4626FE088126}.Release|Mixed Platforms.Build.0 = Release|x86
		{9F3BF4B3-6AA4-41B5-820E-4626FE088126}.Release|x64.ActiveCfg = Release|x86
		{9F3BF4B3-6AA4-41B5-820E-4626FE088126}.Release|x86.ActiveCfg = Release|x86
		{9F3BF4B3-6AA4-41B5-820E-4626FE088126}.Release|x86.Build.0 = Release|x86
		{2471F7BF-1230-442A-8C2E-C2A1DD43371C}.Debug|Any CPU.ActiveCfg = Debug|Any CPU
		{2471F7BF-1230-442A-8C2E-C2A1DD43371C}.Debug|Any CPU.Build.0 = Debug|Any CPU
		{2471F7BF-1230-442A-8C2E-C2A1DD43371C}.Debug|ARM.ActiveCfg = Debug|Any CPU
		{2471F7BF-1230-442A-8C2E-C2A1DD43371C}.Debug|Mixed Platforms.ActiveCfg = Debug|Any CPU
		{2471F7BF-1230-442A-8C2E-C2A1DD43371C}.Debug|Mixed Platforms.Build.0 = Debug|Any CPU
		{2471F7BF-1230-442A-8C2E-C2A1DD43371C}.Debug|x64.ActiveCfg = Debug|Any CPU
		{2471F7BF-1230-442A-8C2E-C2A1DD43371C}.Debug|x86.ActiveCfg = Debug|Any CPU
		{2471F7BF-1230-442A-8C2E-C2A1DD43371C}.Release|Any CPU.ActiveCfg = Release|Any CPU
		{2471F7BF-1230-442A-8C2E-C2A1DD43371C}.Release|Any CPU.Build.0 = Release|Any CPU
		{2471F7BF-1230-442A-8C2E-C2A1DD43371C}.Release|ARM.ActiveCfg = Release|Any CPU
		{2471F7BF-1230-442A-8C2E-C2A1DD43371C}.Release|Mixed Platforms.ActiveCfg = Release|Any CPU
		{2471F7BF-1230-442A-8C2E-C2A1DD43371C}.Release|Mixed Platforms.Build.0 = Release|Any CPU
		{2471F7BF-1230-442A-8C2E-C2A1DD43371C}.Release|x64.ActiveCfg = Release|Any CPU
		{2471F7BF-1230-442A-8C2E-C2A1DD43371C}.Release|x86.ActiveCfg = Release|Any CPU
		{F1EC353E-04ED-4277-A4F4-C7014782C035}.Debug|Any CPU.ActiveCfg = Debug|Any CPU
		{F1EC353E-04ED-4277-A4F4-C7014782C035}.Debug|Any CPU.Build.0 = Debug|Any CPU
		{F1EC353E-04ED-4277-A4F4-C7014782C035}.Debug|ARM.ActiveCfg = Debug|Any CPU
		{F1EC353E-04ED-4277-A4F4-C7014782C035}.Debug|Mixed Platforms.ActiveCfg = Debug|Any CPU
		{F1EC353E-04ED-4277-A4F4-C7014782C035}.Debug|Mixed Platforms.Build.0 = Debug|Any CPU
		{F1EC353E-04ED-4277-A4F4-C7014782C035}.Debug|x64.ActiveCfg = Debug|Any CPU
		{F1EC353E-04ED-4277-A4F4-C7014782C035}.Debug|x86.ActiveCfg = Debug|Any CPU
		{F1EC353E-04ED-4277-A4F4-C7014782C035}.Release|Any CPU.ActiveCfg = Release|Any CPU
		{F1EC353E-04ED-4277-A4F4-C7014782C035}.Release|Any CPU.Build.0 = Release|Any CPU
		{F1EC353E-04ED-4277-A4F4-C7014782C035}.Release|ARM.ActiveCfg = Release|Any CPU
		{F1EC353E-04ED-4277-A4F4-C7014782C035}.Release|Mixed Platforms.ActiveCfg = Release|Any CPU
		{F1EC353E-04ED-4277-A4F4-C7014782C035}.Release|Mixed Platforms.Build.0 = Release|Any CPU
		{F1EC353E-04ED-4277-A4F4-C7014782C035}.Release|x64.ActiveCfg = Release|Any CPU
		{F1EC353E-04ED-4277-A4F4-C7014782C035}.Release|x86.ActiveCfg = Release|Any CPU
		{DB77A04C-5163-445D-929C-2905C1A5E9E3}.Debug|Any CPU.ActiveCfg = Debug|Any CPU
		{DB77A04C-5163-445D-929C-2905C1A5E9E3}.Debug|Any CPU.Build.0 = Debug|Any CPU
		{DB77A04C-5163-445D-929C-2905C1A5E9E3}.Debug|ARM.ActiveCfg = Debug|Any CPU
		{DB77A04C-5163-445D-929C-2905C1A5E9E3}.Debug|Mixed Platforms.ActiveCfg = Debug|Any CPU
		{DB77A04C-5163-445D-929C-2905C1A5E9E3}.Debug|Mixed Platforms.Build.0 = Debug|Any CPU
		{DB77A04C-5163-445D-929C-2905C1A5E9E3}.Debug|x64.ActiveCfg = Debug|Any CPU
		{DB77A04C-5163-445D-929C-2905C1A5E9E3}.Debug|x86.ActiveCfg = Debug|Any CPU
		{DB77A04C-5163-445D-929C-2905C1A5E9E3}.Release|Any CPU.ActiveCfg = Release|Any CPU
		{DB77A04C-5163-445D-929C-2905C1A5E9E3}.Release|Any CPU.Build.0 = Release|Any CPU
		{DB77A04C-5163-445D-929C-2905C1A5E9E3}.Release|ARM.ActiveCfg = Release|Any CPU
		{DB77A04C-5163-445D-929C-2905C1A5E9E3}.Release|Mixed Platforms.ActiveCfg = Release|Any CPU
		{DB77A04C-5163-445D-929C-2905C1A5E9E3}.Release|Mixed Platforms.Build.0 = Release|Any CPU
		{DB77A04C-5163-445D-929C-2905C1A5E9E3}.Release|x64.ActiveCfg = Release|Any CPU
		{DB77A04C-5163-445D-929C-2905C1A5E9E3}.Release|x86.ActiveCfg = Release|Any CPU
		{26F7260F-B714-4B99-995F-EA27775F14DB}.Debug|Any CPU.ActiveCfg = Debug|Any CPU
		{26F7260F-B714-4B99-995F-EA27775F14DB}.Debug|Any CPU.Build.0 = Debug|Any CPU
		{26F7260F-B714-4B99-995F-EA27775F14DB}.Debug|ARM.ActiveCfg = Debug|Any CPU
		{26F7260F-B714-4B99-995F-EA27775F14DB}.Debug|Mixed Platforms.ActiveCfg = Debug|Any CPU
		{26F7260F-B714-4B99-995F-EA27775F14DB}.Debug|Mixed Platforms.Build.0 = Debug|Any CPU
		{26F7260F-B714-4B99-995F-EA27775F14DB}.Debug|x64.ActiveCfg = Debug|Any CPU
		{26F7260F-B714-4B99-995F-EA27775F14DB}.Debug|x86.ActiveCfg = Debug|Any CPU
		{26F7260F-B714-4B99-995F-EA27775F14DB}.Release|Any CPU.ActiveCfg = Release|Any CPU
		{26F7260F-B714-4B99-995F-EA27775F14DB}.Release|Any CPU.Build.0 = Release|Any CPU
		{26F7260F-B714-4B99-995F-EA27775F14DB}.Release|ARM.ActiveCfg = Release|Any CPU
		{26F7260F-B714-4B99-995F-EA27775F14DB}.Release|Mixed Platforms.ActiveCfg = Release|Any CPU
		{26F7260F-B714-4B99-995F-EA27775F14DB}.Release|Mixed Platforms.Build.0 = Release|Any CPU
		{26F7260F-B714-4B99-995F-EA27775F14DB}.Release|x64.ActiveCfg = Release|Any CPU
		{26F7260F-B714-4B99-995F-EA27775F14DB}.Release|x86.ActiveCfg = Release|Any CPU
		{21D7E4EF-319E-4AD4-A59C-45AF22072DCA}.Debug|Any CPU.ActiveCfg = Debug|Any CPU
		{21D7E4EF-319E-4AD4-A59C-45AF22072DCA}.Debug|Any CPU.Build.0 = Debug|Any CPU
		{21D7E4EF-319E-4AD4-A59C-45AF22072DCA}.Debug|ARM.ActiveCfg = Debug|Any CPU
		{21D7E4EF-319E-4AD4-A59C-45AF22072DCA}.Debug|Mixed Platforms.ActiveCfg = Debug|x86
		{21D7E4EF-319E-4AD4-A59C-45AF22072DCA}.Debug|Mixed Platforms.Build.0 = Debug|x86
		{21D7E4EF-319E-4AD4-A59C-45AF22072DCA}.Debug|x64.ActiveCfg = Debug|x64
		{21D7E4EF-319E-4AD4-A59C-45AF22072DCA}.Debug|x64.Build.0 = Debug|x64
		{21D7E4EF-319E-4AD4-A59C-45AF22072DCA}.Debug|x86.ActiveCfg = Debug|x86
		{21D7E4EF-319E-4AD4-A59C-45AF22072DCA}.Debug|x86.Build.0 = Debug|x86
		{21D7E4EF-319E-4AD4-A59C-45AF22072DCA}.Release|Any CPU.ActiveCfg = Release|Any CPU
		{21D7E4EF-319E-4AD4-A59C-45AF22072DCA}.Release|Any CPU.Build.0 = Release|Any CPU
		{21D7E4EF-319E-4AD4-A59C-45AF22072DCA}.Release|ARM.ActiveCfg = Release|Any CPU
		{21D7E4EF-319E-4AD4-A59C-45AF22072DCA}.Release|Mixed Platforms.ActiveCfg = Release|x86
		{21D7E4EF-319E-4AD4-A59C-45AF22072DCA}.Release|Mixed Platforms.Build.0 = Release|x86
		{21D7E4EF-319E-4AD4-A59C-45AF22072DCA}.Release|x64.ActiveCfg = Release|x64
		{21D7E4EF-319E-4AD4-A59C-45AF22072DCA}.Release|x64.Build.0 = Release|x64
		{21D7E4EF-319E-4AD4-A59C-45AF22072DCA}.Release|x86.ActiveCfg = Release|x86
		{21D7E4EF-319E-4AD4-A59C-45AF22072DCA}.Release|x86.Build.0 = Release|x86
		{44BD0021-F634-48C4-948D-037DD6FC6737}.Debug|Any CPU.ActiveCfg = Debug|Any CPU
		{44BD0021-F634-48C4-948D-037DD6FC6737}.Debug|Any CPU.Build.0 = Debug|Any CPU
		{44BD0021-F634-48C4-948D-037DD6FC6737}.Debug|ARM.ActiveCfg = Debug|Any CPU
		{44BD0021-F634-48C4-948D-037DD6FC6737}.Debug|Mixed Platforms.ActiveCfg = Debug|Any CPU
		{44BD0021-F634-48C4-948D-037DD6FC6737}.Debug|Mixed Platforms.Build.0 = Debug|Any CPU
		{44BD0021-F634-48C4-948D-037DD6FC6737}.Debug|x64.ActiveCfg = Debug|Any CPU
		{44BD0021-F634-48C4-948D-037DD6FC6737}.Debug|x86.ActiveCfg = Debug|Any CPU
		{44BD0021-F634-48C4-948D-037DD6FC6737}.Release|Any CPU.ActiveCfg = Release|Any CPU
		{44BD0021-F634-48C4-948D-037DD6FC6737}.Release|Any CPU.Build.0 = Release|Any CPU
		{44BD0021-F634-48C4-948D-037DD6FC6737}.Release|ARM.ActiveCfg = Release|Any CPU
		{44BD0021-F634-48C4-948D-037DD6FC6737}.Release|Mixed Platforms.ActiveCfg = Release|Any CPU
		{44BD0021-F634-48C4-948D-037DD6FC6737}.Release|Mixed Platforms.Build.0 = Release|Any CPU
		{44BD0021-F634-48C4-948D-037DD6FC6737}.Release|x64.ActiveCfg = Release|Any CPU
		{44BD0021-F634-48C4-948D-037DD6FC6737}.Release|x86.ActiveCfg = Release|Any CPU
		{48F2819F-7C90-4095-A534-902335671A8F}.Debug|Any CPU.ActiveCfg = Debug|Any CPU
		{48F2819F-7C90-4095-A534-902335671A8F}.Debug|Any CPU.Build.0 = Debug|Any CPU
		{48F2819F-7C90-4095-A534-902335671A8F}.Debug|Any CPU.Deploy.0 = Debug|Any CPU
		{48F2819F-7C90-4095-A534-902335671A8F}.Debug|ARM.ActiveCfg = Debug|ARM
		{48F2819F-7C90-4095-A534-902335671A8F}.Debug|ARM.Build.0 = Debug|ARM
		{48F2819F-7C90-4095-A534-902335671A8F}.Debug|ARM.Deploy.0 = Debug|ARM
		{48F2819F-7C90-4095-A534-902335671A8F}.Debug|Mixed Platforms.ActiveCfg = Debug|x86
		{48F2819F-7C90-4095-A534-902335671A8F}.Debug|Mixed Platforms.Build.0 = Debug|x86
		{48F2819F-7C90-4095-A534-902335671A8F}.Debug|Mixed Platforms.Deploy.0 = Debug|x86
		{48F2819F-7C90-4095-A534-902335671A8F}.Debug|x64.ActiveCfg = Debug|Any CPU
		{48F2819F-7C90-4095-A534-902335671A8F}.Debug|x86.ActiveCfg = Debug|x86
		{48F2819F-7C90-4095-A534-902335671A8F}.Debug|x86.Build.0 = Debug|x86
		{48F2819F-7C90-4095-A534-902335671A8F}.Debug|x86.Deploy.0 = Debug|x86
		{48F2819F-7C90-4095-A534-902335671A8F}.Release|Any CPU.ActiveCfg = Release|Any CPU
		{48F2819F-7C90-4095-A534-902335671A8F}.Release|Any CPU.Build.0 = Release|Any CPU
		{48F2819F-7C90-4095-A534-902335671A8F}.Release|Any CPU.Deploy.0 = Release|Any CPU
		{48F2819F-7C90-4095-A534-902335671A8F}.Release|ARM.ActiveCfg = Release|ARM
		{48F2819F-7C90-4095-A534-902335671A8F}.Release|ARM.Build.0 = Release|ARM
		{48F2819F-7C90-4095-A534-902335671A8F}.Release|ARM.Deploy.0 = Release|ARM
		{48F2819F-7C90-4095-A534-902335671A8F}.Release|Mixed Platforms.ActiveCfg = Release|x86
		{48F2819F-7C90-4095-A534-902335671A8F}.Release|Mixed Platforms.Build.0 = Release|x86
		{48F2819F-7C90-4095-A534-902335671A8F}.Release|Mixed Platforms.Deploy.0 = Release|x86
		{48F2819F-7C90-4095-A534-902335671A8F}.Release|x64.ActiveCfg = Release|Any CPU
		{48F2819F-7C90-4095-A534-902335671A8F}.Release|x86.ActiveCfg = Release|x86
		{48F2819F-7C90-4095-A534-902335671A8F}.Release|x86.Build.0 = Release|x86
		{48F2819F-7C90-4095-A534-902335671A8F}.Release|x86.Deploy.0 = Release|x86
		{8163673C-B73B-49AD-99B4-345B2218DDF2}.Debug|Any CPU.ActiveCfg = Debug|x86
		{8163673C-B73B-49AD-99B4-345B2218DDF2}.Debug|ARM.ActiveCfg = Debug|x86
		{8163673C-B73B-49AD-99B4-345B2218DDF2}.Debug|Mixed Platforms.ActiveCfg = Debug|x86
		{8163673C-B73B-49AD-99B4-345B2218DDF2}.Debug|Mixed Platforms.Build.0 = Debug|x86
		{8163673C-B73B-49AD-99B4-345B2218DDF2}.Debug|x64.ActiveCfg = Debug|x86
		{8163673C-B73B-49AD-99B4-345B2218DDF2}.Debug|x86.ActiveCfg = Debug|x86
		{8163673C-B73B-49AD-99B4-345B2218DDF2}.Debug|x86.Build.0 = Debug|x86
		{8163673C-B73B-49AD-99B4-345B2218DDF2}.Release|Any CPU.ActiveCfg = Release|x86
		{8163673C-B73B-49AD-99B4-345B2218DDF2}.Release|ARM.ActiveCfg = Release|x86
		{8163673C-B73B-49AD-99B4-345B2218DDF2}.Release|Mixed Platforms.ActiveCfg = Release|x86
		{8163673C-B73B-49AD-99B4-345B2218DDF2}.Release|Mixed Platforms.Build.0 = Release|x86
		{8163673C-B73B-49AD-99B4-345B2218DDF2}.Release|x64.ActiveCfg = Release|x86
		{8163673C-B73B-49AD-99B4-345B2218DDF2}.Release|x86.ActiveCfg = Release|x86
		{8163673C-B73B-49AD-99B4-345B2218DDF2}.Release|x86.Build.0 = Release|x86
	EndGlobalSection
	GlobalSection(SolutionProperties) = preSolution
		HideSolutionNode = FALSE
	EndGlobalSection
EndGlobal
